// !$*UTF8*$!
{
	archiveVersion = 1;
	classes = {
	};
	objectVersion = 48;
	objects = {

/* Begin PBXBuildFile section */
		324BF1C121439BBC00C04F2B /* main.c in Sources */ = {isa = PBXBuildFile; fileRef = 324BF1C021439BBC00C04F2B /* main.c */; };
		324BF1CA2143A27100C04F2B /* tcpserver.c in Sources */ = {isa = PBXBuildFile; fileRef = 324BF1C82143A27100C04F2B /* tcpserver.c */; };
		324D540121478FD10006803F /* udpserver.c in Sources */ = {isa = PBXBuildFile; fileRef = 324D540021478FD10006803F /* udpserver.c */; };
		324D54042147C77E0006803F /* log.c in Sources */ = {isa = PBXBuildFile; fileRef = 324D54032147C77E0006803F /* log.c */; };
/* End PBXBuildFile section */

/* Begin PBXCopyFilesBuildPhase section */
		324BF1BB21439BBC00C04F2B /* CopyFiles */ = {
			isa = PBXCopyFilesBuildPhase;
			buildActionMask = 2147483647;
			dstPath = /usr/share/man/man1/;
			dstSubfolderSpec = 0;
			files = (
			);
			runOnlyForDeploymentPostprocessing = 1;
		};
/* End PBXCopyFilesBuildPhase section */

/* Begin PBXFileReference section */
		324BF1BD21439BBC00C04F2B /* TurboVideo */ = {isa = PBXFileReference; explicitFileType = "compiled.mach-o.executable"; includeInIndex = 0; path = TurboVideo; sourceTree = BUILT_PRODUCTS_DIR; };
		324BF1C021439BBC00C04F2B /* main.c */ = {isa = PBXFileReference; lastKnownFileType = sourcecode.c.c; path = main.c; sourceTree = "<group>"; };
		324BF1C82143A27100C04F2B /* tcpserver.c */ = {isa = PBXFileReference; lastKnownFileType = sourcecode.c.c; path = tcpserver.c; sourceTree = "<group>"; };
		324BF1C92143A27100C04F2B /* tcpserver.h */ = {isa = PBXFileReference; lastKnownFileType = sourcecode.c.h; path = tcpserver.h; sourceTree = "<group>"; };
		324BF1CD2143A46900C04F2B /* log.h */ = {isa = PBXFileReference; lastKnownFileType = sourcecode.c.h; path = log.h; sourceTree = "<group>"; };
		324D53FF21478FD10006803F /* udpserver.h */ = {isa = PBXFileReference; lastKnownFileType = sourcecode.c.h; path = udpserver.h; sourceTree = "<group>"; };
		324D540021478FD10006803F /* udpserver.c */ = {isa = PBXFileReference; lastKnownFileType = sourcecode.c.c; path = udpserver.c; sourceTree = "<group>"; };
		324D54022147906A0006803F /* commoninclude.h */ = {isa = PBXFileReference; lastKnownFileType = sourcecode.c.h; path = commoninclude.h; sourceTree = "<group>"; };
		324D54032147C77E0006803F /* log.c */ = {isa = PBXFileReference; lastKnownFileType = sourcecode.c.c; path = log.c; sourceTree = "<group>"; };
/* End PBXFileReference section */

/* Begin PBXFrameworksBuildPhase section */
		324BF1BA21439BBC00C04F2B /* Frameworks */ = {
			isa = PBXFrameworksBuildPhase;
			buildActionMask = 2147483647;
			files = (
			);
			runOnlyForDeploymentPostprocessing = 0;
		};
/* End PBXFrameworksBuildPhase section */

/* Begin PBXGroup section */
		324BF1B421439BBC00C04F2B = {
			isa = PBXGroup;
			children = (
				324BF1BF21439BBC00C04F2B /* TurboVideo */,
				324BF1BE21439BBC00C04F2B /* Products */,
			);
			sourceTree = "<group>";
		};
		324BF1BE21439BBC00C04F2B /* Products */ = {
			isa = PBXGroup;
			children = (
				324BF1BD21439BBC00C04F2B /* TurboVideo */,
			);
			name = Products;
			sourceTree = "<group>";
		};
		324BF1BF21439BBC00C04F2B /* TurboVideo */ = {
			isa = PBXGroup;
			children = (
				324BF1CB2143A43300C04F2B /* utils */,
				324BF1C72143A21300C04F2B /* network */,
				324BF1C021439BBC00C04F2B /* main.c */,
			);
			path = TurboVideo;
			sourceTree = "<group>";
		};
		324BF1C72143A21300C04F2B /* network */ = {
			isa = PBXGroup;
			children = (
				324BF1C82143A27100C04F2B /* tcpserver.c */,
				324BF1C92143A27100C04F2B /* tcpserver.h */,
				324D53FF21478FD10006803F /* udpserver.h */,
				324D540021478FD10006803F /* udpserver.c */,
				324D54022147906A0006803F /* commoninclude.h */,
			);
			path = network;
			sourceTree = "<group>";
		};
		324BF1CB2143A43300C04F2B /* utils */ = {
			isa = PBXGroup;
			children = (
				324BF1CC2143A44700C04F2B /* log */,
			);
			path = utils;
			sourceTree = "<group>";
		};
		324BF1CC2143A44700C04F2B /* log */ = {
			isa = PBXGroup;
			children = (
				324BF1CD2143A46900C04F2B /* log.h */,
				324D54032147C77E0006803F /* log.c */,
			);
			path = log;
			sourceTree = "<group>";
		};
/* End PBXGroup section */

/* Begin PBXNativeTarget section */
		324BF1BC21439BBC00C04F2B /* TurboVideo */ = {
			isa = PBXNativeTarget;
			buildConfigurationList = 324BF1C421439BBC00C04F2B /* Build configuration list for PBXNativeTarget "TurboVideo" */;
			buildPhases = (
				324BF1B921439BBC00C04F2B /* Sources */,
				324BF1BA21439BBC00C04F2B /* Frameworks */,
				324BF1BB21439BBC00C04F2B /* CopyFiles */,
			);
			buildRules = (
			);
			dependencies = (
			);
			name = TurboVideo;
			productName = TurboVideo;
			productReference = 324BF1BD21439BBC00C04F2B /* TurboVideo */;
			productType = "com.apple.product-type.tool";
		};
/* End PBXNativeTarget section */

/* Begin PBXProject section */
		324BF1B521439BBC00C04F2B /* Project object */ = {
			isa = PBXProject;
			attributes = {
				LastUpgradeCheck = 0920;
				ORGANIZATIONNAME = luobiao;
				TargetAttributes = {
					324BF1BC21439BBC00C04F2B = {
						CreatedOnToolsVersion = 9.2;
						ProvisioningStyle = Automatic;
					};
				};
			};
			buildConfigurationList = 324BF1B821439BBC00C04F2B /* Build configuration list for PBXProject "TurboVideo" */;
			compatibilityVersion = "Xcode 8.0";
			developmentRegion = en;
			hasScannedForEncodings = 0;
			knownRegions = (
				en,
			);
			mainGroup = 324BF1B421439BBC00C04F2B;
			productRefGroup = 324BF1BE21439BBC00C04F2B /* Products */;
			projectDirPath = "";
			projectRoot = "";
			targets = (
				324BF1BC21439BBC00C04F2B /* TurboVideo */,
			);
		};
/* End PBXProject section */

/* Begin PBXSourcesBuildPhase section */
		324BF1B921439BBC00C04F2B /* Sources */ = {
			isa = PBXSourcesBuildPhase;
			buildActionMask = 2147483647;
			files = (
				324D54042147C77E0006803F /* log.c in Sources */,
				324BF1CA2143A27100C04F2B /* tcpserver.c in Sources */,
				324BF1C121439BBC00C04F2B /* main.c in Sources */,
				324D540121478FD10006803F /* udpserver.c in Sources */,
			);
			runOnlyForDeploymentPostprocessing = 0;
		};
/* End PBXSourcesBuildPhase section */

/* Begin XCBuildConfiguration section */
		324BF1C221439BBC00C04F2B /* Debug */ = {
			isa = XCBuildConfiguration;
			buildSettings = {
				ALWAYS_SEARCH_USER_PATHS = NO;
				CLANG_ANALYZER_NONNULL = YES;
				CLANG_ANALYZER_NUMBER_OBJECT_CONVERSION = YES_AGGRESSIVE;
				CLANG_CXX_LANGUAGE_STANDARD = "gnu++14";
				CLANG_CXX_LIBRARY = "libc++";
				CLANG_ENABLE_MODULES = YES;
				CLANG_ENABLE_OBJC_ARC = YES;
				CLANG_WARN_BLOCK_CAPTURE_AUTORELEASING = YES;
				CLANG_WARN_BOOL_CONVERSION = YES;
				CLANG_WARN_COMMA = YES;
				CLANG_WARN_CONSTANT_CONVERSION = YES;
				CLANG_WARN_DIRECT_OBJC_ISA_USAGE = YES_ERROR;
				CLANG_WARN_DOCUMENTATION_COMMENTS = YES;
				CLANG_WARN_EMPTY_BODY = YES;
				CLANG_WARN_ENUM_CONVERSION = YES;
				CLANG_WARN_INFINITE_RECURSION = YES;
				CLANG_WARN_INT_CONVERSION = YES;
				CLANG_WARN_NON_LITERAL_NULL_CONVERSION = YES;
				CLANG_WARN_OBJC_LITERAL_CONVERSION = YES;
				CLANG_WARN_OBJC_ROOT_CLASS = YES_ERROR;
				CLANG_WARN_RANGE_LOOP_ANALYSIS = YES;
				CLANG_WARN_STRICT_PROTOTYPES = YES;
				CLANG_WARN_SUSPICIOUS_MOVE = YES;
				CLANG_WARN_UNGUARDED_AVAILABILITY = YES_AGGRESSIVE;
				CLANG_WARN_UNREACHABLE_CODE = YES;
				CLANG_WARN__DUPLICATE_METHOD_MATCH = YES;
				CODE_SIGN_IDENTITY = "-";
				COPY_PHASE_STRIP = NO;
				DEBUG_INFORMATION_FORMAT = dwarf;
				ENABLE_STRICT_OBJC_MSGSEND = YES;
				ENABLE_TESTABILITY = YES;
				GCC_C_LANGUAGE_STANDARD = gnu11;
				GCC_DYNAMIC_NO_PIC = NO;
				GCC_NO_COMMON_BLOCKS = YES;
				GCC_OPTIMIZATION_LEVEL = 0;
				GCC_PREPROCESSOR_DEFINITIONS = (
					"DEBUG=1",
					"$(inherited)",
				);
				GCC_WARN_64_TO_32_BIT_CONVERSION = YES;
				GCC_WARN_ABOUT_RETURN_TYPE = YES_ERROR;
				GCC_WARN_UNDECLARED_SELECTOR = YES;
				GCC_WARN_UNINITIALIZED_AUTOS = YES_AGGRESSIVE;
				GCC_WARN_UNUSED_FUNCTION = YES;
				GCC_WARN_UNUSED_VARIABLE = YES;
				MACOSX_DEPLOYMENT_TARGET = 10.12;
				MTL_ENABLE_DEBUG_INFO = YES;
				ONLY_ACTIVE_ARCH = YES;
				SDKROOT = macosx;
			};
			name = Debug;
		};
		324BF1C321439BBC00C04F2B /* Release */ = {
			isa = XCBuildConfiguration;
			buildSettings = {
				ALWAYS_SEARCH_USER_PATHS = NO;
				CLANG_ANALYZER_NONNULL = YES;
				CLANG_ANALYZER_NUMBER_OBJECT_CONVERSION = YES_AGGRESSIVE;
				CLANG_CXX_LANGUAGE_STANDARD = "gnu++14";
				CLANG_CXX_LIBRARY = "libc++";
				CLANG_ENABLE_MODULES = YES;
				CLANG_ENABLE_OBJC_ARC = YES;
				CLANG_WARN_BLOCK_CAPTURE_AUTORELEASING = YES;
				CLANG_WARN_BOOL_CONVERSION = YES;
				CLANG_WARN_COMMA = YES;
				CLANG_WARN_CONSTANT_CONVERSION = YES;
				CLANG_WARN_DIRECT_OBJC_ISA_USAGE = YES_ERROR;
				CLANG_WARN_DOCUMENTATION_COMMENTS = YES;
				CLANG_WARN_EMPTY_BODY = YES;
				CLANG_WARN_ENUM_CONVERSION = YES;
				CLANG_WARN_INFINITE_RECURSION = YES;
				CLANG_WARN_INT_CONVERSION = YES;
				CLANG_WARN_NON_LITERAL_NULL_CONVERSION = YES;
				CLANG_WARN_OBJC_LITERAL_CONVERSION = YES;
				CLANG_WARN_OBJC_ROOT_CLASS = YES_ERROR;
				CLANG_WARN_RANGE_LOOP_ANALYSIS = YES;
				CLANG_WARN_STRICT_PROTOTYPES = YES;
				CLANG_WARN_SUSPICIOUS_MOVE = YES;
				CLANG_WARN_UNGUARDED_AVAILABILITY = YES_AGGRESSIVE;
				CLANG_WARN_UNREACHABLE_CODE = YES;
				CLANG_WARN__DUPLICATE_METHOD_MATCH = YES;
				CODE_SIGN_IDENTITY = "-";
				COPY_PHASE_STRIP = NO;
				DEBUG_INFORMATION_FORMAT = "dwarf-with-dsym";
				ENABLE_NS_ASSERTIONS = NO;
				ENABLE_STRICT_OBJC_MSGSEND = YES;
				GCC_C_LANGUAGE_STANDARD = gnu11;
				GCC_NO_COMMON_BLOCKS = YES;
				GCC_WARN_64_TO_32_BIT_CONVERSION = YES;
				GCC_WARN_ABOUT_RETURN_TYPE = YES_ERROR;
				GCC_WARN_UNDECLARED_SELECTOR = YES;
				GCC_WARN_UNINITIALIZED_AUTOS = YES_AGGRESSIVE;
				GCC_WARN_UNUSED_FUNCTION = YES;
				GCC_WARN_UNUSED_VARIABLE = YES;
				MACOSX_DEPLOYMENT_TARGET = 10.12;
				MTL_ENABLE_DEBUG_INFO = NO;
				SDKROOT = macosx;
			};
			name = Release;
		};
		324BF1C521439BBC00C04F2B /* Debug */ = {
			isa = XCBuildConfiguration;
			buildSettings = {
				CODE_SIGN_STYLE = Automatic;
				PRODUCT_NAME = "$(TARGET_NAME)";
			};
			name = Debug;
		};
		324BF1C621439BBC00C04F2B /* Release */ = {
			isa = XCBuildConfiguration;
			buildSettings = {
				CODE_SIGN_STYLE = Automatic;
				PRODUCT_NAME = "$(TARGET_NAME)";
			};
			name = Release;
		};
/* End XCBuildConfiguration section */

/* Begin XCConfigurationList section */
		324BF1B821439BBC00C04F2B /* Build configuration list for PBXProject "TurboVideo" */ = {
			isa = XCConfigurationList;
			buildConfigurations = (
				324BF1C221439BBC00C04F2B /* Debug */,
				324BF1C321439BBC00C04F2B /* Release */,
			);
			defaultConfigurationIsVisible = 0;
			defaultConfigurationName = Release;
		};
		324BF1C421439BBC00C04F2B /* Build configuration list for PBXNativeTarget "TurboVideo" */ = {
			isa = XCConfigurationList;
			buildConfigurations = (
				324BF1C521439BBC00C04F2B /* Debug */,
				324BF1C621439BBC00C04F2B /* Release */,
			);
			defaultConfigurationIsVisible = 0;
			defaultConfigurationName = Release;
		};
/* End XCConfigurationList section */
	};
	rootObject = 324BF1B521439BBC00C04F2B /* Project object */;
}
